
Microsoft Visual Studio Solution File, Format Version 12.00
# Visual Studio 15
VisualStudioVersion = 15.0.27703.2018
MinimumVisualStudioVersion = 10.0.40219.1
Project("{FAE04EC0-301F-11D3-BF4B-00C04F79EFBC}") = "SonarQubeSample", "SonarQubeSample\SonarQubeSample.csproj", "{22B56F37-20FA-4A3D-82E1-4422010CA295}"
EndProject
Project("{FAE04EC0-301F-11D3-BF4B-00C04F79EFBC}") = "BusinessLogic", "BusinessLogic\BusinessLogic.csproj", "{18DF55D3-0A39-4FAF-8CE0-590F434141C4}"
EndProject
Project("{FAE04EC0-301F-11D3-BF4B-00C04F79EFBC}") = "BusinessLogic.Test", "BusinessLogic.Test\BusinessLogic.Test.csproj", "{44C1AEA6-DC16-42DF-B209-C08AB884B210}"
EndProject
Project("{2150E333-8FDC-42A3-9474-1A3956D46DE8}") = "Solution Items", "Solution Items", "{85A9548C-563C-4F60-A2C6-3005AAB1A628}"
	ProjectSection(SolutionItems) = preProject
		StartSonarQubeContainer.bat = StartSonarQubeContainer.bat
		test.bat = test.bat
	EndProjectSection
EndProject
Global
	GlobalSection(SolutionConfigurationPlatforms) = preSolution
		Debug|Any CPU = Debug|Any CPU
		Release|Any CPU = Release|Any CPU
	EndGlobalSection
	GlobalSection(ProjectConfigurationPlatforms) = postSolution
		{22B56F37-20FA-4A3D-82E1-4422010CA295}.Debug|Any CPU.ActiveCfg = Debug|Any CPU
		{22B56F37-20FA-4A3D-82E1-4422010CA295}.Debug|Any CPU.Build.0 = Debug|Any CPU
		{22B56F37-20FA-4A3D-82E1-4422010CA295}.Release|Any CPU.ActiveCfg = Release|Any CPU
		{22B56F37-20FA-4A3D-82E1-4422010CA295}.Release|Any CPU.Build.0 = Release|Any CPU
		{18DF55D3-0A39-4FAF-8CE0-590F434141C4}.Debug|Any CPU.ActiveCfg = Debug|Any CPU
		{18DF55D3-0A39-4FAF-8CE0-590F434141C4}.Debug|Any CPU.Build.0 = Debug|Any CPU
		{18DF55D3-0A39-4FAF-8CE0-590F434141C4}.Release|Any CPU.ActiveCfg = Release|Any CPU
		{18DF55D3-0A39-4FAF-8CE0-590F434141C4}.Release|Any CPU.Build.0 = Release|Any CPU
		{44C1AEA6-DC16-42DF-B209-C08AB884B210}.Debug|Any CPU.ActiveCfg = Debug|Any CPU
		{44C1AEA6-DC16-42DF-B209-C08AB884B210}.Debug|Any CPU.Build.0 = Debug|Any CPU
		{44C1AEA6-DC16-42DF-B209-C08AB884B210}.Release|Any CPU.ActiveCfg = Release|Any CPU
		{44C1AEA6-DC16-42DF-B209-C08AB884B210}.Release|Any CPU.Build.0 = Release|Any CPU
	EndGlobalSection
	GlobalSection(SolutionProperties) = preSolution
		HideSolutionNode = FALSE
	EndGlobalSection
	GlobalSection(ExtensibilityGlobals) = postSolution
		SolutionGuid = {C2615B8D-CCAE-473F-95A7-F121D0785152}
	EndGlobalSection
EndGlobal
